# This file is autogenerated, do not edit; changes may be undone by the next 'dep ensure'.


[[projects]]
  branch = "master"
  name = "github.com/cjtoolkit/ctx"
  packages = ["."]
  revision = "d31f932cb39a3542936a1c9f5f98e080114eb369"

[[projects]]
  branch = "master"
  name = "github.com/cjtoolkit/validate"
  packages = [
    "vError",
    "vString"
  ]
  revision = "ab097f20df49754cfe42cacc5a633d14c0f573ff"

[[projects]]
  name = "github.com/golang/mock"
  packages = ["gomock"]
  revision = "c34cdb4725f4c3844d095133c6e40e448b86589b"
  version = "v1.1.1"

[[projects]]
  name = "github.com/gorilla/context"
  packages = ["."]
  revision = "1ea25387ff6f684839d82767c1733ff4d4d15d0a"
  version = "v1.1"

[[projects]]
  name = "github.com/gorilla/csrf"
  packages = ["."]
  revision = "69581736821c33d85bbf378f42f6ad864dbd85de"
  version = "v1.5"

[[projects]]
  name = "github.com/gorilla/securecookie"
  packages = ["."]
  revision = "e59506cc896acb7f7bf732d4fdf5e25f7ccd8983"
  version = "v1.1.1"

[[projects]]
  branch = "master"
  name = "github.com/jpoehls/gophermail"
  packages = ["."]
  revision = "62941eab772c480c968feea68faba37f941cc931"

[[projects]]
  name = "github.com/julienschmidt/httprouter"
  packages = ["."]
  revision = "8c199fb6259ffc1af525cc3ad52ee60ba8359669"
  version = "v1.1"

[[projects]]
  name = "github.com/pkg/errors"
  packages = ["."]
  revision = "645ef00459ed84a119197bfb8d8205042c6df63d"
  version = "v0.8.0"

[[projects]]
  branch = "master"
  name = "github.com/sloonz/go-qprintable"
  packages = ["."]
  revision = "775b3a4592d5bfc47b0ba398ec0d4dba018e5926"

[[projects]]
  branch = "master"
  name = "golang.org/x/net"
  packages = ["context"]
  revision = "5f9ae10d9af5b1c89ae6904293b14b064d4ada23"

[solve-meta]
  analyzer-name = "dep"
  analyzer-version = 1
  inputs-digest = "5fc56eaeedf1ea9d137c92de09b35df2dfe1dbd40638f2870acd83cc4fbbbefd"
  solver-name = "gps-cdcl"
  solver-version = 1
